
Microsoft Visual Studio Solution File, Format Version 12.00
# Visual Studio 15
VisualStudioVersion = 15.0.27703.2047
MinimumVisualStudioVersion = 10.0.40219.1
Project("{FAE04EC0-301F-11D3-BF4B-00C04F79EFBC}") = "XmlCreation", "XmlCreation\XmlCreation.csproj", "{855B49DC-1A00-4E5F-BCB5-FD56657AB795}"
EndProject
Project("{FAE04EC0-301F-11D3-BF4B-00C04F79EFBC}") = "Simulator", "Simulator\Simulator.csproj", "{CA2505B3-434E-4D0F-B6C1-2F5403915263}"
EndProject
Project("{FAE04EC0-301F-11D3-BF4B-00C04F79EFBC}") = "SimpleCalculator", "SimpleCalculator\SimpleCalculator.csproj", "{E498AFDD-3373-45FD-8A4C-C85E73D34C61}"
EndProject
Project("{2150E333-8FDC-42A3-9474-1A3956D46DE8}") = "Calculator", "Calculator", "{2F9C82D9-205C-4169-A9F0-147C1901E78F}"
EndProject
Project("{9A19103F-16F7-4668-BE54-9A1E7A4F7556}") = "OperationFather", "OperationFather\OperationFather.csproj", "{13B326EC-0983-4F25-A9E8-9223ACBB040A}"
EndProject
Project("{9A19103F-16F7-4668-BE54-9A1E7A4F7556}") = "AddOperation", "AddOperation\AddOperation.csproj", "{06C02D8E-70F0-403D-A2F9-B3288CA1DED9}"
EndProject
Project("{9A19103F-16F7-4668-BE54-9A1E7A4F7556}") = "SubOperation", "SubOperation\SubOperation.csproj", "{6FCCCAF7-7958-4620-90B9-872BA9856011}"
EndProject
Project("{FAE04EC0-301F-11D3-BF4B-00C04F79EFBC}") = "MultipleOperation", "MultipleOperation\MultipleOperation.csproj", "{71AC8471-64F4-48BA-B189-8232C9DC8E8A}"
EndProject
Project("{FAE04EC0-301F-11D3-BF4B-00C04F79EFBC}") = "ConnectToDatabase", "ConnectToDatabase\ConnectToDatabase.csproj", "{28AED75A-BC1A-44E1-920E-13F4D7FFC28D}"
EndProject
Project("{FAE04EC0-301F-11D3-BF4B-00C04F79EFBC}") = "XMLPractice", "XMLPractice\XMLPractice.csproj", "{5705DA0D-8D72-4D15-8A04-0A42690901D5}"
EndProject
Project("{FAE04EC0-301F-11D3-BF4B-00C04F79EFBC}") = "SimpleJS", "SimpleJS\SimpleJS.csproj", "{1BE8E9D2-5542-4406-BFC3-5127B771299D}"
EndProject
Project("{FAE04EC0-301F-11D3-BF4B-00C04F79EFBC}") = "SimpleJQuery", "SimpleJQuery\SimpleJQuery.csproj", "{9CE5A4C0-76D8-4F73-8299-29F238F81D52}"
EndProject
Project("{FAE04EC0-301F-11D3-BF4B-00C04F79EFBC}") = "Random Test", "Random Test\Random Test.csproj", "{8E364912-B994-4779-A6D5-3008379FE309}"
EndProject
Global
	GlobalSection(SolutionConfigurationPlatforms) = preSolution
		Debug|Any CPU = Debug|Any CPU
		Release|Any CPU = Release|Any CPU
	EndGlobalSection
	GlobalSection(ProjectConfigurationPlatforms) = postSolution
		{855B49DC-1A00-4E5F-BCB5-FD56657AB795}.Debug|Any CPU.ActiveCfg = Debug|Any CPU
		{855B49DC-1A00-4E5F-BCB5-FD56657AB795}.Debug|Any CPU.Build.0 = Debug|Any CPU
		{855B49DC-1A00-4E5F-BCB5-FD56657AB795}.Release|Any CPU.ActiveCfg = Release|Any CPU
		{855B49DC-1A00-4E5F-BCB5-FD56657AB795}.Release|Any CPU.Build.0 = Release|Any CPU
		{CA2505B3-434E-4D0F-B6C1-2F5403915263}.Debug|Any CPU.ActiveCfg = Debug|Any CPU
		{CA2505B3-434E-4D0F-B6C1-2F5403915263}.Debug|Any CPU.Build.0 = Debug|Any CPU
		{CA2505B3-434E-4D0F-B6C1-2F5403915263}.Release|Any CPU.ActiveCfg = Release|Any CPU
		{CA2505B3-434E-4D0F-B6C1-2F5403915263}.Release|Any CPU.Build.0 = Release|Any CPU
		{E498AFDD-3373-45FD-8A4C-C85E73D34C61}.Debug|Any CPU.ActiveCfg = Debug|Any CPU
		{E498AFDD-3373-45FD-8A4C-C85E73D34C61}.Debug|Any CPU.Build.0 = Debug|Any CPU
		{E498AFDD-3373-45FD-8A4C-C85E73D34C61}.Release|Any CPU.ActiveCfg = Release|Any CPU
		{E498AFDD-3373-45FD-8A4C-C85E73D34C61}.Release|Any CPU.Build.0 = Release|Any CPU
		{13B326EC-0983-4F25-A9E8-9223ACBB040A}.Debug|Any CPU.ActiveCfg = Debug|Any CPU
		{13B326EC-0983-4F25-A9E8-9223ACBB040A}.Debug|Any CPU.Build.0 = Debug|Any CPU
		{13B326EC-0983-4F25-A9E8-9223ACBB040A}.Release|Any CPU.ActiveCfg = Release|Any CPU
		{13B326EC-0983-4F25-A9E8-9223ACBB040A}.Release|Any CPU.Build.0 = Release|Any CPU
		{06C02D8E-70F0-403D-A2F9-B3288CA1DED9}.Debug|Any CPU.ActiveCfg = Debug|Any CPU
		{06C02D8E-70F0-403D-A2F9-B3288CA1DED9}.Debug|Any CPU.Build.0 = Debug|Any CPU
		{06C02D8E-70F0-403D-A2F9-B3288CA1DED9}.Release|Any CPU.ActiveCfg = Release|Any CPU
		{06C02D8E-70F0-403D-A2F9-B3288CA1DED9}.Release|Any CPU.Build.0 = Release|Any CPU
		{6FCCCAF7-7958-4620-90B9-872BA9856011}.Debug|Any CPU.ActiveCfg = Debug|Any CPU
		{6FCCCAF7-7958-4620-90B9-872BA9856011}.Debug|Any CPU.Build.0 = Debug|Any CPU
		{6FCCCAF7-7958-4620-90B9-872BA9856011}.Release|Any CPU.ActiveCfg = Release|Any CPU
		{6FCCCAF7-7958-4620-90B9-872BA9856011}.Release|Any CPU.Build.0 = Release|Any CPU
		{71AC8471-64F4-48BA-B189-8232C9DC8E8A}.Debug|Any CPU.ActiveCfg = Debug|Any CPU
		{71AC8471-64F4-48BA-B189-8232C9DC8E8A}.Debug|Any CPU.Build.0 = Debug|Any CPU
		{71AC8471-64F4-48BA-B189-8232C9DC8E8A}.Release|Any CPU.ActiveCfg = Release|Any CPU
		{71AC8471-64F4-48BA-B189-8232C9DC8E8A}.Release|Any CPU.Build.0 = Release|Any CPU
		{28AED75A-BC1A-44E1-920E-13F4D7FFC28D}.Debug|Any CPU.ActiveCfg = Debug|Any CPU
		{28AED75A-BC1A-44E1-920E-13F4D7FFC28D}.Debug|Any CPU.Build.0 = Debug|Any CPU
		{28AED75A-BC1A-44E1-920E-13F4D7FFC28D}.Release|Any CPU.ActiveCfg = Release|Any CPU
		{28AED75A-BC1A-44E1-920E-13F4D7FFC28D}.Release|Any CPU.Build.0 = Release|Any CPU
		{5705DA0D-8D72-4D15-8A04-0A42690901D5}.Debug|Any CPU.ActiveCfg = Debug|Any CPU
		{5705DA0D-8D72-4D15-8A04-0A42690901D5}.Debug|Any CPU.Build.0 = Debug|Any CPU
		{5705DA0D-8D72-4D15-8A04-0A42690901D5}.Release|Any CPU.ActiveCfg = Release|Any CPU
		{5705DA0D-8D72-4D15-8A04-0A42690901D5}.Release|Any CPU.Build.0 = Release|Any CPU
		{1BE8E9D2-5542-4406-BFC3-5127B771299D}.Debug|Any CPU.ActiveCfg = Debug|Any CPU
		{1BE8E9D2-5542-4406-BFC3-5127B771299D}.Debug|Any CPU.Build.0 = Debug|Any CPU
		{1BE8E9D2-5542-4406-BFC3-5127B771299D}.Release|Any CPU.ActiveCfg = Release|Any CPU
		{1BE8E9D2-5542-4406-BFC3-5127B771299D}.Release|Any CPU.Build.0 = Release|Any CPU
		{9CE5A4C0-76D8-4F73-8299-29F238F81D52}.Debug|Any CPU.ActiveCfg = Debug|Any CPU
		{9CE5A4C0-76D8-4F73-8299-29F238F81D52}.Debug|Any CPU.Build.0 = Debug|Any CPU
		{9CE5A4C0-76D8-4F73-8299-29F238F81D52}.Release|Any CPU.ActiveCfg = Release|Any CPU
		{9CE5A4C0-76D8-4F73-8299-29F238F81D52}.Release|Any CPU.Build.0 = Release|Any CPU
		{8E364912-B994-4779-A6D5-3008379FE309}.Debug|Any CPU.ActiveCfg = Debug|Any CPU
		{8E364912-B994-4779-A6D5-3008379FE309}.Debug|Any CPU.Build.0 = Debug|Any CPU
		{8E364912-B994-4779-A6D5-3008379FE309}.Release|Any CPU.ActiveCfg = Release|Any CPU
		{8E364912-B994-4779-A6D5-3008379FE309}.Release|Any CPU.Build.0 = Release|Any CPU
	EndGlobalSection
	GlobalSection(SolutionProperties) = preSolution
		HideSolutionNode = FALSE
	EndGlobalSection
	GlobalSection(NestedProjects) = preSolution
		{E498AFDD-3373-45FD-8A4C-C85E73D34C61} = {2F9C82D9-205C-4169-A9F0-147C1901E78F}
		{13B326EC-0983-4F25-A9E8-9223ACBB040A} = {2F9C82D9-205C-4169-A9F0-147C1901E78F}
		{06C02D8E-70F0-403D-A2F9-B3288CA1DED9} = {2F9C82D9-205C-4169-A9F0-147C1901E78F}
		{6FCCCAF7-7958-4620-90B9-872BA9856011} = {2F9C82D9-205C-4169-A9F0-147C1901E78F}
	EndGlobalSection
	GlobalSection(ExtensibilityGlobals) = postSolution
		SolutionGuid = {14339E04-A55B-4D7B-BCA5-617762210573}
	EndGlobalSection
EndGlobal
